// !$*UTF8*$!
{
	archiveVersion = 1;
	classes = {
	};
	objectVersion = 46;
	objects = {

/* Begin PBXBuildFile section */
		362306A920271A9C0058A7FF /* SFlowLayoutKitExampleTests.m in Sources */ = {isa = PBXBuildFile; fileRef = 362306A820271A9C0058A7FF /* SFlowLayoutKitExampleTests.m */; };
		364145FA215BA2D9001418CF /* SFBaseViewController.m in Sources */ = {isa = PBXBuildFile; fileRef = 364145F9215BA2D9001418CF /* SFBaseViewController.m */; };
		36414604215C797F001418CF /* SFloatingHeader.m in Sources */ = {isa = PBXBuildFile; fileRef = 36414603215C797F001418CF /* SFloatingHeader.m */; };
		36421D7C217F205A0056DE8A /* NSLayoutConstraint+MASDebugAdditions.m in Sources */ = {isa = PBXBuildFile; fileRef = 36421D63217F205A0056DE8A /* NSLayoutConstraint+MASDebugAdditions.m */; };
		36421D7D217F205A0056DE8A /* ViewController+MASAdditions.m in Sources */ = {isa = PBXBuildFile; fileRef = 36421D6C217F205A0056DE8A /* ViewController+MASAdditions.m */; };
		36421D7E217F205A0056DE8A /* MASCompositeConstraint.m in Sources */ = {isa = PBXBuildFile; fileRef = 36421D70217F205A0056DE8A /* MASCompositeConstraint.m */; };
		36421D7F217F205A0056DE8A /* MASConstraintMaker.m in Sources */ = {isa = PBXBuildFile; fileRef = 36421D71217F205A0056DE8A /* MASConstraintMaker.m */; };
		36421D80217F205A0056DE8A /* MASLayoutConstraint.m in Sources */ = {isa = PBXBuildFile; fileRef = 36421D72217F205A0056DE8A /* MASLayoutConstraint.m */; };
		36421D81217F205A0056DE8A /* NSArray+MASAdditions.m in Sources */ = {isa = PBXBuildFile; fileRef = 36421D73217F205A0056DE8A /* NSArray+MASAdditions.m */; };
		36421D82217F205A0056DE8A /* View+MASAdditions.m in Sources */ = {isa = PBXBuildFile; fileRef = 36421D74217F205A0056DE8A /* View+MASAdditions.m */; };
		36421D83217F205A0056DE8A /* MASConstraint.m in Sources */ = {isa = PBXBuildFile; fileRef = 36421D77217F205A0056DE8A /* MASConstraint.m */; };
		36421D84217F205A0056DE8A /* MASViewConstraint.m in Sources */ = {isa = PBXBuildFile; fileRef = 36421D79217F205A0056DE8A /* MASViewConstraint.m */; };
		36421D85217F205A0056DE8A /* MASViewAttribute.m in Sources */ = {isa = PBXBuildFile; fileRef = 36421D7A217F205A0056DE8A /* MASViewAttribute.m */; };
		36421D86217F205A0056DE8A /* Info.plist in Resources */ = {isa = PBXBuildFile; fileRef = 36421D7B217F205A0056DE8A /* Info.plist */; };
		364DAE1B21568E55005B2FC6 /* SFlowLayoutKit.framework in Frameworks */ = {isa = PBXBuildFile; fileRef = 4A37ED44ACEC4340A1838A61 /* SFlowLayoutKit.framework */; };
		364DAE1C21568E55005B2FC6 /* SFlowLayoutKit.framework in Embed Frameworks */ = {isa = PBXBuildFile; fileRef = 4A37ED44ACEC4340A1838A61 /* SFlowLayoutKit.framework */; settings = {ATTRIBUTES = (CodeSignOnCopy, RemoveHeadersOnCopy, ); }; };
		364DAE2A2157E37C005B2FC6 /* SFloatingHeaderViewController.m in Sources */ = {isa = PBXBuildFile; fileRef = 364DAE292157E37C005B2FC6 /* SFloatingHeaderViewController.m */; };
		364DAE302159DAC3005B2FC6 /* SWaterFallViewController.m in Sources */ = {isa = PBXBuildFile; fileRef = 364DAE2F2159DAC3005B2FC6 /* SWaterFallViewController.m */; };
		6003F58E195388D20070C39A /* Foundation.framework in Frameworks */ = {isa = PBXBuildFile; fileRef = 6003F58D195388D20070C39A /* Foundation.framework */; };
		6003F590195388D20070C39A /* CoreGraphics.framework in Frameworks */ = {isa = PBXBuildFile; fileRef = 6003F58F195388D20070C39A /* CoreGraphics.framework */; };
		6003F592195388D20070C39A /* UIKit.framework in Frameworks */ = {isa = PBXBuildFile; fileRef = 6003F591195388D20070C39A /* UIKit.framework */; };
		6003F598195388D20070C39A /* InfoPlist.strings in Resources */ = {isa = PBXBuildFile; fileRef = 6003F596195388D20070C39A /* InfoPlist.strings */; };
		6003F59A195388D20070C39A /* main.m in Sources */ = {isa = PBXBuildFile; fileRef = 6003F599195388D20070C39A /* main.m */; };
		6003F59E195388D20070C39A /* SFAppDelegate.m in Sources */ = {isa = PBXBuildFile; fileRef = 6003F59D195388D20070C39A /* SFAppDelegate.m */; };
		6003F5A7195388D20070C39A /* SFViewController.m in Sources */ = {isa = PBXBuildFile; fileRef = 6003F5A6195388D20070C39A /* SFViewController.m */; };
		6003F5A9195388D20070C39A /* Images.xcassets in Resources */ = {isa = PBXBuildFile; fileRef = 6003F5A8195388D20070C39A /* Images.xcassets */; };
		71719F9F1E33DC2100824A3D /* LaunchScreen.storyboard in Resources */ = {isa = PBXBuildFile; fileRef = 71719F9D1E33DC2100824A3D /* LaunchScreen.storyboard */; };
		873B8AEB1B1F5CCA007FD442 /* Main.storyboard in Resources */ = {isa = PBXBuildFile; fileRef = 873B8AEA1B1F5CCA007FD442 /* Main.storyboard */; };
/* End PBXBuildFile section */

/* Begin PBXContainerItemProxy section */
		362306AB20271A9C0058A7FF /* PBXContainerItemProxy */ = {
			isa = PBXContainerItemProxy;
			containerPortal = 6003F582195388D10070C39A /* Project object */;
			proxyType = 1;
			remoteGlobalIDString = 6003F589195388D20070C39A;
			remoteInfo = SFlowLayoutKitExample;
		};
		364DAE1D21568E55005B2FC6 /* PBXContainerItemProxy */ = {
			isa = PBXContainerItemProxy;
			containerPortal = 9142CDF7A356FA804957445F /* SFlowLayoutKit.xcodeproj */;
			proxyType = 1;
			remoteGlobalIDString = 3601B55A200C90960011CCAE;
			remoteInfo = SFlowLayoutKit;
		};
		8C91566163955D1A490B2071 /* PBXContainerItemProxy */ = {
			isa = PBXContainerItemProxy;
			containerPortal = 9142CDF7A356FA804957445F /* SFlowLayoutKit.xcodeproj */;
			proxyType = 1;
			remoteGlobalIDString = 3601B55A200C90960011CCAE;
			remoteInfo = SFlowLayoutKit;
		};
		EA1CF15BFA2775B69D396AB6 /* PBXContainerItemProxy */ = {
			isa = PBXContainerItemProxy;
			containerPortal = 9142CDF7A356FA804957445F /* SFlowLayoutKit.xcodeproj */;
			proxyType = 2;
			remoteGlobalIDString = 3601B55B200C90960011CCAE;
			remoteInfo = Subproject;
		};
		F629998602B330AB6936D0FB /* PBXContainerItemProxy */ = {
			isa = PBXContainerItemProxy;
			containerPortal = 9142CDF7A356FA804957445F /* SFlowLayoutKit.xcodeproj */;
			proxyType = 2;
			remoteGlobalIDString = 36F155D620DD0FC4002436F4;
			remoteInfo = Subproject;
		};
/* End PBXContainerItemProxy section */

/* Begin PBXCopyFilesBuildPhase section */
		6B5021116CD0C477DFC6EB5F /* Embed Frameworks */ = {
			isa = PBXCopyFilesBuildPhase;
			buildActionMask = 2147483647;
			dstPath = "";
			dstSubfolderSpec = 10;
			files = (
				364DAE1C21568E55005B2FC6 /* SFlowLayoutKit.framework in Embed Frameworks */,
			);
			name = "Embed Frameworks";
			runOnlyForDeploymentPostprocessing = 0;
		};
/* End PBXCopyFilesBuildPhase section */

/* Begin PBXFileReference section */
		362306A620271A9C0058A7FF /* SFlowLayoutKitExampleTests.xctest */ = {isa = PBXFileReference; explicitFileType = wrapper.cfbundle; includeInIndex = 0; path = SFlowLayoutKitExampleTests.xctest; sourceTree = BUILT_PRODUCTS_DIR; };
		362306A820271A9C0058A7FF /* SFlowLayoutKitExampleTests.m */ = {isa = PBXFileReference; lastKnownFileType = sourcecode.c.objc; path = SFlowLayoutKitExampleTests.m; sourceTree = "<group>"; };
		362306B020271ABB0058A7FF /* SFlowLayoutKitExampleTests-Prefix.pch */ = {isa = PBXFileReference; lastKnownFileType = sourcecode.c.h; path = "SFlowLayoutKitExampleTests-Prefix.pch"; sourceTree = "<group>"; };
		362306B320271C8A0058A7FF /* SFlowLayoutKitExampleTests-Info.plist */ = {isa = PBXFileReference; fileEncoding = 4; lastKnownFileType = text.plist.xml; path = "SFlowLayoutKitExampleTests-Info.plist"; sourceTree = "<group>"; };
		364145F8215BA2D9001418CF /* SFBaseViewController.h */ = {isa = PBXFileReference; lastKnownFileType = sourcecode.c.h; path = SFBaseViewController.h; sourceTree = "<group>"; };
		364145F9215BA2D9001418CF /* SFBaseViewController.m */ = {isa = PBXFileReference; lastKnownFileType = sourcecode.c.objc; path = SFBaseViewController.m; sourceTree = "<group>"; };
		36414602215C797F001418CF /* SFloatingHeader.h */ = {isa = PBXFileReference; lastKnownFileType = sourcecode.c.h; path = SFloatingHeader.h; sourceTree = "<group>"; };
		36414603215C797F001418CF /* SFloatingHeader.m */ = {isa = PBXFileReference; lastKnownFileType = sourcecode.c.objc; path = SFloatingHeader.m; sourceTree = "<group>"; };
		36421D62217F205A0056DE8A /* MASCompositeConstraint.h */ = {isa = PBXFileReference; fileEncoding = 4; lastKnownFileType = sourcecode.c.h; path = MASCompositeConstraint.h; sourceTree = "<group>"; };
		36421D63217F205A0056DE8A /* NSLayoutConstraint+MASDebugAdditions.m */ = {isa = PBXFileReference; fileEncoding = 4; lastKnownFileType = sourcecode.c.objc; path = "NSLayoutConstraint+MASDebugAdditions.m"; sourceTree = "<group>"; };
		36421D64217F205A0056DE8A /* MASConstraint+Private.h */ = {isa = PBXFileReference; fileEncoding = 4; lastKnownFileType = sourcecode.c.h; path = "MASConstraint+Private.h"; sourceTree = "<group>"; };
		36421D65217F205A0056DE8A /* MASLayoutConstraint.h */ = {isa = PBXFileReference; fileEncoding = 4; lastKnownFileType = sourcecode.c.h; path = MASLayoutConstraint.h; sourceTree = "<group>"; };
		36421D66217F205A0056DE8A /* NSArray+MASShorthandAdditions.h */ = {isa = PBXFileReference; fileEncoding = 4; lastKnownFileType = sourcecode.c.h; path = "NSArray+MASShorthandAdditions.h"; sourceTree = "<group>"; };
		36421D67217F205A0056DE8A /* MASConstraintMaker.h */ = {isa = PBXFileReference; fileEncoding = 4; lastKnownFileType = sourcecode.c.h; path = MASConstraintMaker.h; sourceTree = "<group>"; };
		36421D68217F205A0056DE8A /* View+MASAdditions.h */ = {isa = PBXFileReference; fileEncoding = 4; lastKnownFileType = sourcecode.c.h; path = "View+MASAdditions.h"; sourceTree = "<group>"; };
		36421D69217F205A0056DE8A /* NSArray+MASAdditions.h */ = {isa = PBXFileReference; fileEncoding = 4; lastKnownFileType = sourcecode.c.h; path = "NSArray+MASAdditions.h"; sourceTree = "<group>"; };
		36421D6A217F205A0056DE8A /* MASUtilities.h */ = {isa = PBXFileReference; fileEncoding = 4; lastKnownFileType = sourcecode.c.h; path = MASUtilities.h; sourceTree = "<group>"; };
		36421D6B217F205A0056DE8A /* MASViewAttribute.h */ = {isa = PBXFileReference; fileEncoding = 4; lastKnownFileType = sourcecode.c.h; path = MASViewAttribute.h; sourceTree = "<group>"; };
		36421D6C217F205A0056DE8A /* ViewController+MASAdditions.m */ = {isa = PBXFileReference; fileEncoding = 4; lastKnownFileType = sourcecode.c.objc; path = "ViewController+MASAdditions.m"; sourceTree = "<group>"; };
		36421D6D217F205A0056DE8A /* MASViewConstraint.h */ = {isa = PBXFileReference; fileEncoding = 4; lastKnownFileType = sourcecode.c.h; path = MASViewConstraint.h; sourceTree = "<group>"; };
		36421D6E217F205A0056DE8A /* MASConstraint.h */ = {isa = PBXFileReference; fileEncoding = 4; lastKnownFileType = sourcecode.c.h; path = MASConstraint.h; sourceTree = "<group>"; };
		36421D6F217F205A0056DE8A /* NSLayoutConstraint+MASDebugAdditions.h */ = {isa = PBXFileReference; fileEncoding = 4; lastKnownFileType = sourcecode.c.h; path = "NSLayoutConstraint+MASDebugAdditions.h"; sourceTree = "<group>"; };
		36421D70217F205A0056DE8A /* MASCompositeConstraint.m */ = {isa = PBXFileReference; fileEncoding = 4; lastKnownFileType = sourcecode.c.objc; path = MASCompositeConstraint.m; sourceTree = "<group>"; };
		36421D71217F205A0056DE8A /* MASConstraintMaker.m */ = {isa = PBXFileReference; fileEncoding = 4; lastKnownFileType = sourcecode.c.objc; path = MASConstraintMaker.m; sourceTree = "<group>"; };
		36421D72217F205A0056DE8A /* MASLayoutConstraint.m */ = {isa = PBXFileReference; fileEncoding = 4; lastKnownFileType = sourcecode.c.objc; path = MASLayoutConstraint.m; sourceTree = "<group>"; };
		36421D73217F205A0056DE8A /* NSArray+MASAdditions.m */ = {isa = PBXFileReference; fileEncoding = 4; lastKnownFileType = sourcecode.c.objc; path = "NSArray+MASAdditions.m"; sourceTree = "<group>"; };
		36421D74217F205A0056DE8A /* View+MASAdditions.m */ = {isa = PBXFileReference; fileEncoding = 4; lastKnownFileType = sourcecode.c.objc; path = "View+MASAdditions.m"; sourceTree = "<group>"; };
		36421D75217F205A0056DE8A /* View+MASShorthandAdditions.h */ = {isa = PBXFileReference; fileEncoding = 4; lastKnownFileType = sourcecode.c.h; path = "View+MASShorthandAdditions.h"; sourceTree = "<group>"; };
		36421D76217F205A0056DE8A /* Masonry.h */ = {isa = PBXFileReference; fileEncoding = 4; lastKnownFileType = sourcecode.c.h; path = Masonry.h; sourceTree = "<group>"; };
		36421D77217F205A0056DE8A /* MASConstraint.m */ = {isa = PBXFileReference; fileEncoding = 4; lastKnownFileType = sourcecode.c.objc; path = MASConstraint.m; sourceTree = "<group>"; };
		36421D78217F205A0056DE8A /* ViewController+MASAdditions.h */ = {isa = PBXFileReference; fileEncoding = 4; lastKnownFileType = sourcecode.c.h; path = "ViewController+MASAdditions.h"; sourceTree = "<group>"; };
		36421D79217F205A0056DE8A /* MASViewConstraint.m */ = {isa = PBXFileReference; fileEncoding = 4; lastKnownFileType = sourcecode.c.objc; path = MASViewConstraint.m; sourceTree = "<group>"; };
		36421D7A217F205A0056DE8A /* MASViewAttribute.m */ = {isa = PBXFileReference; fileEncoding = 4; lastKnownFileType = sourcecode.c.objc; path = MASViewAttribute.m; sourceTree = "<group>"; };
		36421D7B217F205A0056DE8A /* Info.plist */ = {isa = PBXFileReference; fileEncoding = 4; lastKnownFileType = text.plist.xml; path = Info.plist; sourceTree = "<group>"; };
		364DAE282157E37C005B2FC6 /* SFloatingHeaderViewController.h */ = {isa = PBXFileReference; lastKnownFileType = sourcecode.c.h; path = SFloatingHeaderViewController.h; sourceTree = "<group>"; };
		364DAE292157E37C005B2FC6 /* SFloatingHeaderViewController.m */ = {isa = PBXFileReference; lastKnownFileType = sourcecode.c.objc; path = SFloatingHeaderViewController.m; sourceTree = "<group>"; };
		364DAE2E2159DAC3005B2FC6 /* SWaterFallViewController.h */ = {isa = PBXFileReference; lastKnownFileType = sourcecode.c.h; path = SWaterFallViewController.h; sourceTree = "<group>"; };
		364DAE2F2159DAC3005B2FC6 /* SWaterFallViewController.m */ = {isa = PBXFileReference; lastKnownFileType = sourcecode.c.objc; path = SWaterFallViewController.m; sourceTree = "<group>"; };
		6003F58A195388D20070C39A /* SFlowLayoutKitExample.app */ = {isa = PBXFileReference; explicitFileType = wrapper.application; includeInIndex = 0; path = SFlowLayoutKitExample.app; sourceTree = BUILT_PRODUCTS_DIR; };
		6003F58D195388D20070C39A /* Foundation.framework */ = {isa = PBXFileReference; lastKnownFileType = wrapper.framework; name = Foundation.framework; path = System/Library/Frameworks/Foundation.framework; sourceTree = SDKROOT; };
		6003F58F195388D20070C39A /* CoreGraphics.framework */ = {isa = PBXFileReference; lastKnownFileType = wrapper.framework; name = CoreGraphics.framework; path = System/Library/Frameworks/CoreGraphics.framework; sourceTree = SDKROOT; };
		6003F591195388D20070C39A /* UIKit.framework */ = {isa = PBXFileReference; lastKnownFileType = wrapper.framework; name = UIKit.framework; path = System/Library/Frameworks/UIKit.framework; sourceTree = SDKROOT; };
		6003F595195388D20070C39A /* SFlowLayoutKitExample-Info.plist */ = {isa = PBXFileReference; lastKnownFileType = text.plist.xml; path = "SFlowLayoutKitExample-Info.plist"; sourceTree = "<group>"; };
		6003F597195388D20070C39A /* en */ = {isa = PBXFileReference; lastKnownFileType = text.plist.strings; name = en; path = en.lproj/InfoPlist.strings; sourceTree = "<group>"; };
		6003F599195388D20070C39A /* main.m */ = {isa = PBXFileReference; lastKnownFileType = sourcecode.c.objc; path = main.m; sourceTree = "<group>"; };
		6003F59B195388D20070C39A /* SFlowLayoutKitExample-Prefix.pch */ = {isa = PBXFileReference; lastKnownFileType = sourcecode.c.h; path = "SFlowLayoutKitExample-Prefix.pch"; sourceTree = "<group>"; };
		6003F59C195388D20070C39A /* SFAppDelegate.h */ = {isa = PBXFileReference; lastKnownFileType = sourcecode.c.h; path = SFAppDelegate.h; sourceTree = "<group>"; };
		6003F59D195388D20070C39A /* SFAppDelegate.m */ = {isa = PBXFileReference; lastKnownFileType = sourcecode.c.objc; path = SFAppDelegate.m; sourceTree = "<group>"; };
		6003F5A5195388D20070C39A /* SFViewController.h */ = {isa = PBXFileReference; lastKnownFileType = sourcecode.c.h; path = SFViewController.h; sourceTree = "<group>"; };
		6003F5A6195388D20070C39A /* SFViewController.m */ = {isa = PBXFileReference; lastKnownFileType = sourcecode.c.objc; path = SFViewController.m; sourceTree = "<group>"; };
		6003F5A8195388D20070C39A /* Images.xcassets */ = {isa = PBXFileReference; lastKnownFileType = folder.assetcatalog; path = Images.xcassets; sourceTree = "<group>"; };
		6003F5AF195388D20070C39A /* XCTest.framework */ = {isa = PBXFileReference; lastKnownFileType = wrapper.framework; name = XCTest.framework; path = Library/Frameworks/XCTest.framework; sourceTree = DEVELOPER_DIR; };
		71719F9E1E33DC2100824A3D /* Base */ = {isa = PBXFileReference; lastKnownFileType = file.storyboard; name = Base; path = Base.lproj/LaunchScreen.storyboard; sourceTree = "<group>"; };
		873B8AEA1B1F5CCA007FD442 /* Main.storyboard */ = {isa = PBXFileReference; fileEncoding = 4; lastKnownFileType = file.storyboard; name = Main.storyboard; path = Base.lproj/Main.storyboard; sourceTree = "<group>"; };
		9142CDF7A356FA804957445F /* SFlowLayoutKit.xcodeproj */ = {isa = PBXFileReference; lastKnownFileType = "wrapper.pb-project"; name = SFlowLayoutKit.xcodeproj; path = ../SFlowLayoutKit.xcodeproj; sourceTree = "<group>"; };
/* End PBXFileReference section */

/* Begin PBXFrameworksBuildPhase section */
		362306A320271A9C0058A7FF /* Frameworks */ = {
			isa = PBXFrameworksBuildPhase;
			buildActionMask = 2147483647;
			files = (
			);
			runOnlyForDeploymentPostprocessing = 0;
		};
		6003F587195388D20070C39A /* Frameworks */ = {
			isa = PBXFrameworksBuildPhase;
			buildActionMask = 2147483647;
			files = (
				6003F590195388D20070C39A /* CoreGraphics.framework in Frameworks */,
				364DAE1B21568E55005B2FC6 /* SFlowLayoutKit.framework in Frameworks */,
				6003F592195388D20070C39A /* UIKit.framework in Frameworks */,
				6003F58E195388D20070C39A /* Foundation.framework in Frameworks */,
			);
			runOnlyForDeploymentPostprocessing = 0;
		};
/* End PBXFrameworksBuildPhase section */

/* Begin PBXGroup section */
		362306A720271A9C0058A7FF /* SFlowLayoutKitExampleTests */ = {
			isa = PBXGroup;
			children = (
				362306B520271CB40058A7FF /* Supporting Files */,
				362306A820271A9C0058A7FF /* SFlowLayoutKitExampleTests.m */,
			);
			path = SFlowLayoutKitExampleTests;
			sourceTree = "<group>";
		};
		362306B520271CB40058A7FF /* Supporting Files */ = {
			isa = PBXGroup;
			children = (
				362306B320271C8A0058A7FF /* SFlowLayoutKitExampleTests-Info.plist */,
				362306B020271ABB0058A7FF /* SFlowLayoutKitExampleTests-Prefix.pch */,
			);
			name = "Supporting Files";
			sourceTree = "<group>";
		};
		36414601215BA979001418CF /* SFloatingHeaderFlowLayout */ = {
			isa = PBXGroup;
			children = (
				364DAE282157E37C005B2FC6 /* SFloatingHeaderViewController.h */,
				364DAE292157E37C005B2FC6 /* SFloatingHeaderViewController.m */,
				36414602215C797F001418CF /* SFloatingHeader.h */,
				36414603215C797F001418CF /* SFloatingHeader.m */,
			);
			path = SFloatingHeaderFlowLayout;
			sourceTree = "<group>";
		};
		36421D61217F205A0056DE8A /* Masonry */ = {
			isa = PBXGroup;
			children = (
				36421D62217F205A0056DE8A /* MASCompositeConstraint.h */,
				36421D63217F205A0056DE8A /* NSLayoutConstraint+MASDebugAdditions.m */,
				36421D64217F205A0056DE8A /* MASConstraint+Private.h */,
				36421D65217F205A0056DE8A /* MASLayoutConstraint.h */,
				36421D66217F205A0056DE8A /* NSArray+MASShorthandAdditions.h */,
				36421D67217F205A0056DE8A /* MASConstraintMaker.h */,
				36421D68217F205A0056DE8A /* View+MASAdditions.h */,
				36421D69217F205A0056DE8A /* NSArray+MASAdditions.h */,
				36421D6A217F205A0056DE8A /* MASUtilities.h */,
				36421D6B217F205A0056DE8A /* MASViewAttribute.h */,
				36421D6C217F205A0056DE8A /* ViewController+MASAdditions.m */,
				36421D6D217F205A0056DE8A /* MASViewConstraint.h */,
				36421D6E217F205A0056DE8A /* MASConstraint.h */,
				36421D6F217F205A0056DE8A /* NSLayoutConstraint+MASDebugAdditions.h */,
				36421D70217F205A0056DE8A /* MASCompositeConstraint.m */,
				36421D71217F205A0056DE8A /* MASConstraintMaker.m */,
				36421D72217F205A0056DE8A /* MASLayoutConstraint.m */,
				36421D73217F205A0056DE8A /* NSArray+MASAdditions.m */,
				36421D74217F205A0056DE8A /* View+MASAdditions.m */,
				36421D75217F205A0056DE8A /* View+MASShorthandAdditions.h */,
				36421D76217F205A0056DE8A /* Masonry.h */,
				36421D77217F205A0056DE8A /* MASConstraint.m */,
				36421D78217F205A0056DE8A /* ViewController+MASAdditions.h */,
				36421D79217F205A0056DE8A /* MASViewConstraint.m */,
				36421D7A217F205A0056DE8A /* MASViewAttribute.m */,
				36421D7B217F205A0056DE8A /* Info.plist */,
			);
			name = Masonry;
			path = ../../Carthage/Checkouts/Masonry/Masonry;
			sourceTree = "<group>";
		};
		366F1C81215CE96500B5DA7D /* SWaterFallFlowLayout */ = {
			isa = PBXGroup;
			children = (
				364DAE2E2159DAC3005B2FC6 /* SWaterFallViewController.h */,
				364DAE2F2159DAC3005B2FC6 /* SWaterFallViewController.m */,
			);
			path = SWaterFallFlowLayout;
			sourceTree = "<group>";
		};
		5FCE729EED66315504034CA6 /* Products */ = {
			isa = PBXGroup;
			children = (
				4A37ED44ACEC4340A1838A61 /* SFlowLayoutKit.framework */,
				D4099284097AE60001C885A1 /* SFlowLayoutKitTests.xctest */,
			);
			name = Products;
			sourceTree = "<group>";
		};
		6003F581195388D10070C39A = {
			isa = PBXGroup;
			children = (
				6003F593195388D20070C39A /* SFlowLayoutKitExample */,
				362306A720271A9C0058A7FF /* SFlowLayoutKitExampleTests */,
				6003F58C195388D20070C39A /* Frameworks */,
				6003F58B195388D20070C39A /* Products */,
				9142CDF7A356FA804957445F /* SFlowLayoutKit.xcodeproj */,
			);
			sourceTree = "<group>";
		};
		6003F58B195388D20070C39A /* Products */ = {
			isa = PBXGroup;
			children = (
				6003F58A195388D20070C39A /* SFlowLayoutKitExample.app */,
				362306A620271A9C0058A7FF /* SFlowLayoutKitExampleTests.xctest */,
			);
			name = Products;
			sourceTree = "<group>";
		};
		6003F58C195388D20070C39A /* Frameworks */ = {
			isa = PBXGroup;
			children = (
				6003F58D195388D20070C39A /* Foundation.framework */,
				6003F58F195388D20070C39A /* CoreGraphics.framework */,
				6003F591195388D20070C39A /* UIKit.framework */,
				6003F5AF195388D20070C39A /* XCTest.framework */,
			);
			name = Frameworks;
			sourceTree = "<group>";
		};
		6003F593195388D20070C39A /* SFlowLayoutKitExample */ = {
			isa = PBXGroup;
			children = (
				36421D61217F205A0056DE8A /* Masonry */,
				366F1C81215CE96500B5DA7D /* SWaterFallFlowLayout */,
				36414601215BA979001418CF /* SFloatingHeaderFlowLayout */,
				6003F59C195388D20070C39A /* SFAppDelegate.h */,
				6003F59D195388D20070C39A /* SFAppDelegate.m */,
				873B8AEA1B1F5CCA007FD442 /* Main.storyboard */,
				6003F5A5195388D20070C39A /* SFViewController.h */,
				6003F5A6195388D20070C39A /* SFViewController.m */,
				364145F8215BA2D9001418CF /* SFBaseViewController.h */,
				364145F9215BA2D9001418CF /* SFBaseViewController.m */,
				71719F9D1E33DC2100824A3D /* LaunchScreen.storyboard */,
				6003F5A8195388D20070C39A /* Images.xcassets */,
				6003F594195388D20070C39A /* Supporting Files */,
			);
			path = SFlowLayoutKitExample;
			sourceTree = "<group>";
		};
		6003F594195388D20070C39A /* Supporting Files */ = {
			isa = PBXGroup;
			children = (
				6003F595195388D20070C39A /* SFlowLayoutKitExample-Info.plist */,
				6003F596195388D20070C39A /* InfoPlist.strings */,
				6003F599195388D20070C39A /* main.m */,
				6003F59B195388D20070C39A /* SFlowLayoutKitExample-Prefix.pch */,
			);
			name = "Supporting Files";
			sourceTree = "<group>";
		};
/* End PBXGroup section */

/* Begin PBXNativeTarget section */
		362306A520271A9C0058A7FF /* SFlowLayoutKitExampleTests */ = {
			isa = PBXNativeTarget;
			buildConfigurationList = 362306AD20271A9C0058A7FF /* Build configuration list for PBXNativeTarget "SFlowLayoutKitExampleTests" */;
			buildPhases = (
				362306A220271A9C0058A7FF /* Sources */,
				362306A320271A9C0058A7FF /* Frameworks */,
				362306A420271A9C0058A7FF /* Resources */,
			);
			buildRules = (
			);
			dependencies = (
				362306AC20271A9C0058A7FF /* PBXTargetDependency */,
			);
			name = SFlowLayoutKitExampleTests;
			productName = SFlowLayoutKitExampleTests;
			productReference = 362306A620271A9C0058A7FF /* SFlowLayoutKitExampleTests.xctest */;
			productType = "com.apple.product-type.bundle.unit-test";
		};
		6003F589195388D20070C39A /* SFlowLayoutKitExample */ = {
			isa = PBXNativeTarget;
			buildConfigurationList = 6003F5BF195388D20070C39A /* Build configuration list for PBXNativeTarget "SFlowLayoutKitExample" */;
			buildPhases = (
				6003F586195388D20070C39A /* Sources */,
				6003F587195388D20070C39A /* Frameworks */,
				6003F588195388D20070C39A /* Resources */,
				6B5021116CD0C477DFC6EB5F /* Embed Frameworks */,
			);
			buildRules = (
			);
			dependencies = (
				BDD97BADD2EB2E7DFEA394DF /* PBXTargetDependency */,
				364DAE1E21568E55005B2FC6 /* PBXTargetDependency */,
			);
			name = SFlowLayoutKitExample;
			productName = SFlowLayoutKitExample;
			productReference = 6003F58A195388D20070C39A /* SFlowLayoutKitExample.app */;
			productType = "com.apple.product-type.application";
		};
/* End PBXNativeTarget section */

/* Begin PBXProject section */
		6003F582195388D10070C39A /* Project object */ = {
			isa = PBXProject;
			attributes = {
				CLASSPREFIX = SF;
				LastUpgradeCheck = 1000;
				ORGANIZATIONNAME = ZhiweiSun;
				TargetAttributes = {
					362306A520271A9C0058A7FF = {
						CreatedOnToolsVersion = 9.2;
						DevelopmentTeam = N26M59Z84Z;
						ProvisioningStyle = Manual;
						TestTargetID = 6003F589195388D20070C39A;
					};
					6003F589195388D20070C39A = {
						DevelopmentTeam = N26M59Z84Z;
						ProvisioningStyle = Manual;
					};
				};
			};
			buildConfigurationList = 6003F585195388D10070C39A /* Build configuration list for PBXProject "SFlowLayoutKitExample" */;
			compatibilityVersion = "Xcode 3.2";
			developmentRegion = English;
			hasScannedForEncodings = 0;
			knownRegions = (
				en,
				Base,
			);
			mainGroup = 6003F581195388D10070C39A;
			productRefGroup = 6003F58B195388D20070C39A /* Products */;
			projectDirPath = "";
			projectReferences = (
				{
					ProductGroup = 5FCE729EED66315504034CA6 /* Products */;
					ProjectRef = 9142CDF7A356FA804957445F /* SFlowLayoutKit.xcodeproj */;
				},
			);
			projectRoot = "";
			targets = (
				6003F589195388D20070C39A /* SFlowLayoutKitExample */,
				362306A520271A9C0058A7FF /* SFlowLayoutKitExampleTests */,
			);
		};
/* End PBXProject section */

/* Begin PBXReferenceProxy section */
		4A37ED44ACEC4340A1838A61 /* SFlowLayoutKit.framework */ = {
			isa = PBXReferenceProxy;
			fileType = wrapper.framework;
			path = SFlowLayoutKit.framework;
			remoteRef = EA1CF15BFA2775B69D396AB6 /* PBXContainerItemProxy */;
			sourceTree = BUILT_PRODUCTS_DIR;
		};
		D4099284097AE60001C885A1 /* SFlowLayoutKitTests.xctest */ = {
			isa = PBXReferenceProxy;
			fileType = wrapper.cfbundle;
			path = SFlowLayoutKitTests.xctest;
			remoteRef = F629998602B330AB6936D0FB /* PBXContainerItemProxy */;
			sourceTree = BUILT_PRODUCTS_DIR;
		};
/* End PBXReferenceProxy section */

/* Begin PBXResourcesBuildPhase section */
		362306A420271A9C0058A7FF /* Resources */ = {
			isa = PBXResourcesBuildPhase;
			buildActionMask = 2147483647;
			files = (
			);
			runOnlyForDeploymentPostprocessing = 0;
		};
		6003F588195388D20070C39A /* Resources */ = {
			isa = PBXResourcesBuildPhase;
			buildActionMask = 2147483647;
			files = (
				873B8AEB1B1F5CCA007FD442 /* Main.storyboard in Resources */,
				71719F9F1E33DC2100824A3D /* LaunchScreen.storyboard in Resources */,
				6003F5A9195388D20070C39A /* Images.xcassets in Resources */,
				36421D86217F205A0056DE8A /* Info.plist in Resources */,
				6003F598195388D20070C39A /* InfoPlist.strings in Resources */,
			);
			runOnlyForDeploymentPostprocessing = 0;
		};
/* End PBXResourcesBuildPhase section */

/* Begin PBXSourcesBuildPhase section */
		362306A220271A9C0058A7FF /* Sources */ = {
			isa = PBXSourcesBuildPhase;
			buildActionMask = 2147483647;
			files = (
				362306A920271A9C0058A7FF /* SFlowLayoutKitExampleTests.m in Sources */,
			);
			runOnlyForDeploymentPostprocessing = 0;
		};
		6003F586195388D20070C39A /* Sources */ = {
			isa = PBXSourcesBuildPhase;
			buildActionMask = 2147483647;
			files = (
				364145FA215BA2D9001418CF /* SFBaseViewController.m in Sources */,
				36414604215C797F001418CF /* SFloatingHeader.m in Sources */,
				36421D81217F205A0056DE8A /* NSArray+MASAdditions.m in Sources */,
				6003F59E195388D20070C39A /* SFAppDelegate.m in Sources */,
				36421D85217F205A0056DE8A /* MASViewAttribute.m in Sources */,
				364DAE302159DAC3005B2FC6 /* SWaterFallViewController.m in Sources */,
				36421D80217F205A0056DE8A /* MASLayoutConstraint.m in Sources */,
				36421D82217F205A0056DE8A /* View+MASAdditions.m in Sources */,
				36421D7E217F205A0056DE8A /* MASCompositeConstraint.m in Sources */,
				364DAE2A2157E37C005B2FC6 /* SFloatingHeaderViewController.m in Sources */,
				36421D7D217F205A0056DE8A /* ViewController+MASAdditions.m in Sources */,
				6003F5A7195388D20070C39A /* SFViewController.m in Sources */,
				6003F59A195388D20070C39A /* main.m in Sources */,
				36421D7F217F205A0056DE8A /* MASConstraintMaker.m in Sources */,
				36421D7C217F205A0056DE8A /* NSLayoutConstraint+MASDebugAdditions.m in Sources */,
				36421D83217F205A0056DE8A /* MASConstraint.m in Sources */,
				36421D84217F205A0056DE8A /* MASViewConstraint.m in Sources */,
			);
			runOnlyForDeploymentPostprocessing = 0;
		};
/* End PBXSourcesBuildPhase section */

/* Begin PBXTargetDependency section */
		362306AC20271A9C0058A7FF /* PBXTargetDependency */ = {
			isa = PBXTargetDependency;
			target = 6003F589195388D20070C39A /* SFlowLayoutKitExample */;
			targetProxy = 362306AB20271A9C0058A7FF /* PBXContainerItemProxy */;
		};
		364DAE1E21568E55005B2FC6 /* PBXTargetDependency */ = {
			isa = PBXTargetDependency;
			name = SFlowLayoutKit;
			targetProxy = 364DAE1D21568E55005B2FC6 /* PBXContainerItemProxy */;
		};
		BDD97BADD2EB2E7DFEA394DF /* PBXTargetDependency */ = {
			isa = PBXTargetDependency;
			name = SFlowLayoutKit;
			targetProxy = 8C91566163955D1A490B2071 /* PBXContainerItemProxy */;
		};
/* End PBXTargetDependency section */

/* Begin PBXVariantGroup section */
		6003F596195388D20070C39A /* InfoPlist.strings */ = {
			isa = PBXVariantGroup;
			children = (
				6003F597195388D20070C39A /* en */,
			);
			name = InfoPlist.strings;
			sourceTree = "<group>";
		};
		71719F9D1E33DC2100824A3D /* LaunchScreen.storyboard */ = {
			isa = PBXVariantGroup;
			children = (
				71719F9E1E33DC2100824A3D /* Base */,
			);
			name = LaunchScreen.storyboard;
			sourceTree = "<group>";
		};
/* End PBXVariantGroup section */

/* Begin XCBuildConfiguration section */
		362306AE20271A9C0058A7FF /* Debug */ = {
			isa = XCBuildConfiguration;
			buildSettings = {
				BUNDLE_LOADER = "$(TEST_HOST)";
				CLANG_ANALYZER_NONNULL = YES;
				CLANG_ANALYZER_NUMBER_OBJECT_CONVERSION = YES_AGGRESSIVE;
				CLANG_CXX_LANGUAGE_STANDARD = "gnu++14";
				CLANG_WARN_BLOCK_CAPTURE_AUTORELEASING = YES;
				CLANG_WARN_COMMA = YES;
				CLANG_WARN_DOCUMENTATION_COMMENTS = YES;
				CLANG_WARN_INFINITE_RECURSION = YES;
				CLANG_WARN_NON_LITERAL_NULL_CONVERSION = YES;
				CLANG_WARN_OBJC_LITERAL_CONVERSION = YES;
				CLANG_WARN_RANGE_LOOP_ANALYSIS = YES;
				CLANG_WARN_STRICT_PROTOTYPES = YES;
				CLANG_WARN_SUSPICIOUS_MOVE = YES;
				CLANG_WARN_UNGUARDED_AVAILABILITY = YES_AGGRESSIVE;
				CLANG_WARN_UNREACHABLE_CODE = YES;
				CODE_SIGN_IDENTITY = "iPhone Developer";
				CODE_SIGN_STYLE = Manual;
				DEBUG_INFORMATION_FORMAT = dwarf;
				DEVELOPMENT_TEAM = N26M59Z84Z;
				ENABLE_STRICT_OBJC_MSGSEND = YES;
				GCC_C_LANGUAGE_STANDARD = gnu11;
				GCC_GENERATE_TEST_COVERAGE_FILES = YES;
				GCC_INSTRUMENT_PROGRAM_FLOW_ARCS = YES;
				GCC_NO_COMMON_BLOCKS = YES;
				INFOPLIST_FILE = "SFlowLayoutKitExampleTests/SFlowLayoutKitExampleTests-Info.plist";
				IPHONEOS_DEPLOYMENT_TARGET = 11.2;
				LD_RUNPATH_SEARCH_PATHS = "$(inherited) @executable_path/Frameworks @loader_path/Frameworks";
				MTL_ENABLE_DEBUG_INFO = YES;
				PRODUCT_BUNDLE_IDENTIFIER = org.cocoapods.demo..SFlowLayoutKitExampleTests;
				PRODUCT_NAME = "$(TARGET_NAME)";
				PROVISIONING_PROFILE_SPECIFIER = "";
				TARGETED_DEVICE_FAMILY = "1,2";
				TEST_HOST = "$(BUILT_PRODUCTS_DIR)/SFlowLayoutKitExample.app/SFlowLayoutKitExample";
			};
			name = Debug;
		};
		362306AF20271A9C0058A7FF /* Release */ = {
			isa = XCBuildConfiguration;
			buildSettings = {
				BUNDLE_LOADER = "$(TEST_HOST)";
				CLANG_ANALYZER_NONNULL = YES;
				CLANG_ANALYZER_NUMBER_OBJECT_CONVERSION = YES_AGGRESSIVE;
				CLANG_CXX_LANGUAGE_STANDARD = "gnu++14";
				CLANG_WARN_BLOCK_CAPTURE_AUTORELEASING = YES;
				CLANG_WARN_COMMA = YES;
				CLANG_WARN_DOCUMENTATION_COMMENTS = YES;
				CLANG_WARN_INFINITE_RECURSION = YES;
				CLANG_WARN_NON_LITERAL_NULL_CONVERSION = YES;
				CLANG_WARN_OBJC_LITERAL_CONVERSION = YES;
				CLANG_WARN_RANGE_LOOP_ANALYSIS = YES;
				CLANG_WARN_STRICT_PROTOTYPES = YES;
				CLANG_WARN_SUSPICIOUS_MOVE = YES;
				CLANG_WARN_UNGUARDED_AVAILABILITY = YES_AGGRESSIVE;
				CLANG_WARN_UNREACHABLE_CODE = YES;
				CODE_SIGN_IDENTITY = "iPhone Developer";
				CODE_SIGN_STYLE = Manual;
				COPY_PHASE_STRIP = NO;
				DEBUG_INFORMATION_FORMAT = "dwarf-with-dsym";
				DEVELOPMENT_TEAM = N26M59Z84Z;
				ENABLE_STRICT_OBJC_MSGSEND = YES;
				GCC_C_LANGUAGE_STANDARD = gnu11;
				GCC_GENERATE_TEST_COVERAGE_FILES = YES;
				GCC_INSTRUMENT_PROGRAM_FLOW_ARCS = YES;
				GCC_NO_COMMON_BLOCKS = YES;
				INFOPLIST_FILE = "SFlowLayoutKitExampleTests/SFlowLayoutKitExampleTests-Info.plist";
				IPHONEOS_DEPLOYMENT_TARGET = 11.2;
				LD_RUNPATH_SEARCH_PATHS = "$(inherited) @executable_path/Frameworks @loader_path/Frameworks";
				MTL_ENABLE_DEBUG_INFO = NO;
				PRODUCT_BUNDLE_IDENTIFIER = org.cocoapods.demo..SFlowLayoutKitExampleTests;
				PRODUCT_NAME = "$(TARGET_NAME)";
				PROVISIONING_PROFILE_SPECIFIER = "";
				TARGETED_DEVICE_FAMILY = "1,2";
				TEST_HOST = "$(BUILT_PRODUCTS_DIR)/SFlowLayoutKitExample.app/SFlowLayoutKitExample";
			};
			name = Release;
		};
		6003F5BD195388D20070C39A /* Debug */ = {
			isa = XCBuildConfiguration;
			buildSettings = {
				ALWAYS_SEARCH_USER_PATHS = NO;
				CLANG_CXX_LANGUAGE_STANDARD = "gnu++0x";
				CLANG_CXX_LIBRARY = "libc++";
				CLANG_ENABLE_MODULES = YES;
				CLANG_ENABLE_OBJC_ARC = YES;
				CLANG_WARN_BLOCK_CAPTURE_AUTORELEASING = YES;
				CLANG_WARN_BOOL_CONVERSION = YES;
				CLANG_WARN_COMMA = YES;
				CLANG_WARN_CONSTANT_CONVERSION = YES;
				CLANG_WARN_DEPRECATED_OBJC_IMPLEMENTATIONS = YES;
				CLANG_WARN_DIRECT_OBJC_ISA_USAGE = YES_ERROR;
				CLANG_WARN_EMPTY_BODY = YES;
				CLANG_WARN_ENUM_CONVERSION = YES;
				CLANG_WARN_INFINITE_RECURSION = YES;
				CLANG_WARN_INT_CONVERSION = YES;
				CLANG_WARN_NON_LITERAL_NULL_CONVERSION = YES;
				CLANG_WARN_OBJC_IMPLICIT_RETAIN_SELF = YES;
				CLANG_WARN_OBJC_LITERAL_CONVERSION = YES;
				CLANG_WARN_OBJC_ROOT_CLASS = YES_ERROR;
				CLANG_WARN_RANGE_LOOP_ANALYSIS = YES;
				CLANG_WARN_STRICT_PROTOTYPES = YES;
				CLANG_WARN_SUSPICIOUS_MOVE = YES;
				CLANG_WARN_UNREACHABLE_CODE = YES;
				CLANG_WARN__DUPLICATE_METHOD_MATCH = YES;
				"CODE_SIGN_IDENTITY[sdk=iphoneos*]" = "iPhone Developer";
				COPY_PHASE_STRIP = NO;
				CURRENT_SFlowLayoutKitExample_VERSION = 0;
				ENABLE_STRICT_OBJC_MSGSEND = YES;
				ENABLE_TESTABILITY = YES;
				GCC_C_LANGUAGE_STANDARD = gnu99;
				GCC_DYNAMIC_NO_PIC = NO;
				GCC_NO_COMMON_BLOCKS = YES;
				GCC_OPTIMIZATION_LEVEL = 0;
				GCC_PREPROCESSOR_DEFINITIONS = (
					"DEBUG=1",
					"$(inherited)",
				);
				GCC_SYMBOLS_PRIVATE_EXTERN = NO;
				GCC_WARN_64_TO_32_BIT_CONVERSION = YES;
				GCC_WARN_ABOUT_RETURN_TYPE = YES_ERROR;
				GCC_WARN_UNDECLARED_SELECTOR = YES;
				GCC_WARN_UNINITIALIZED_AUTOS = YES_AGGRESSIVE;
				GCC_WARN_UNUSED_FUNCTION = YES;
				GCC_WARN_UNUSED_VARIABLE = YES;
				IPHONEOS_DEPLOYMENT_TARGET = 9.3;
				ONLY_ACTIVE_ARCH = YES;
				SDKROOT = iphoneos;
				TARGETED_DEVICE_FAMILY = "1,2";
				VERSIONING_SYSTEM = "apple-generic";
			};
			name = Debug;
		};
		6003F5BE195388D20070C39A /* Release */ = {
			isa = XCBuildConfiguration;
			buildSettings = {
				ALWAYS_SEARCH_USER_PATHS = NO;
				CLANG_CXX_LANGUAGE_STANDARD = "gnu++0x";
				CLANG_CXX_LIBRARY = "libc++";
				CLANG_ENABLE_MODULES = YES;
				CLANG_ENABLE_OBJC_ARC = YES;
				CLANG_WARN_BLOCK_CAPTURE_AUTORELEASING = YES;
				CLANG_WARN_BOOL_CONVERSION = YES;
				CLANG_WARN_COMMA = YES;
				CLANG_WARN_CONSTANT_CONVERSION = YES;
				CLANG_WARN_DEPRECATED_OBJC_IMPLEMENTATIONS = YES;
				CLANG_WARN_DIRECT_OBJC_ISA_USAGE = YES_ERROR;
				CLANG_WARN_EMPTY_BODY = YES;
				CLANG_WARN_ENUM_CONVERSION = YES;
				CLANG_WARN_INFINITE_RECURSION = YES;
				CLANG_WARN_INT_CONVERSION = YES;
				CLANG_WARN_NON_LITERAL_NULL_CONVERSION = YES;
				CLANG_WARN_OBJC_IMPLICIT_RETAIN_SELF = YES;
				CLANG_WARN_OBJC_LITERAL_CONVERSION = YES;
				CLANG_WARN_OBJC_ROOT_CLASS = YES_ERROR;
				CLANG_WARN_RANGE_LOOP_ANALYSIS = YES;
				CLANG_WARN_STRICT_PROTOTYPES = YES;
				CLANG_WARN_SUSPICIOUS_MOVE = YES;
				CLANG_WARN_UNREACHABLE_CODE = YES;
				CLANG_WARN__DUPLICATE_METHOD_MATCH = YES;
				"CODE_SIGN_IDENTITY[sdk=iphoneos*]" = "iPhone Developer";
				COPY_PHASE_STRIP = YES;
				CURRENT_SFlowLayoutKitExample_VERSION = 0;
				ENABLE_NS_ASSERTIONS = NO;
				ENABLE_STRICT_OBJC_MSGSEND = YES;
				GCC_C_LANGUAGE_STANDARD = gnu99;
				GCC_NO_COMMON_BLOCKS = YES;
				GCC_WARN_64_TO_32_BIT_CONVERSION = YES;
				GCC_WARN_ABOUT_RETURN_TYPE = YES_ERROR;
				GCC_WARN_UNDECLARED_SELECTOR = YES;
				GCC_WARN_UNINITIALIZED_AUTOS = YES_AGGRESSIVE;
				GCC_WARN_UNUSED_FUNCTION = YES;
				GCC_WARN_UNUSED_VARIABLE = YES;
				IPHONEOS_DEPLOYMENT_TARGET = 9.3;
				SDKROOT = iphoneos;
				TARGETED_DEVICE_FAMILY = "1,2";
				VALIDATE_PRODUCT = YES;
				VERSIONING_SYSTEM = "apple-generic";
			};
			name = Release;
		};
		6003F5C0195388D20070C39A /* Debug */ = {
			isa = XCBuildConfiguration;
			buildSettings = {
				ASSETCATALOG_COMPILER_APPICON_NAME = AppIcon;
				CODE_SIGN_STYLE = Manual;
				DEVELOPMENT_TEAM = N26M59Z84Z;
				GCC_GENERATE_TEST_COVERAGE_FILES = YES;
				GCC_INSTRUMENT_PROGRAM_FLOW_ARCS = YES;
				GCC_PRECOMPILE_PREFIX_HEADER = YES;
				GCC_PREFIX_HEADER = "SFlowLayoutKitExample/SFlowLayoutKitExample-Prefix.pch";
				INFOPLIST_FILE = "SFlowLayoutKitExample/SFlowLayoutKitExample-Info.plist";
				IPHONEOS_DEPLOYMENT_TARGET = 8.0;
				LD_RUNPATH_SEARCH_PATHS = "$(inherited) @executable_path/Frameworks";
				MODULE_NAME = ExampleApp;
				PRODUCT_BUNDLE_IDENTIFIER = com.cyrex.demo.SFlowLayoutKitExample;
				PRODUCT_NAME = "$(TARGET_NAME)";
				PROVISIONING_PROFILE = "5619c084-da5a-41c4-9c22-68072107344b";
				PROVISIONING_PROFILE_SPECIFIER = "com.cyrex.demo.*";
				WRAPPER_EXTENSION = app;
			};
			name = Debug;
		};
		6003F5C1195388D20070C39A /* Release */ = {
			isa = XCBuildConfiguration;
			buildSettings = {
				ASSETCATALOG_COMPILER_APPICON_NAME = AppIcon;
				CODE_SIGN_STYLE = Manual;
				DEVELOPMENT_TEAM = N26M59Z84Z;
				GCC_GENERATE_TEST_COVERAGE_FILES = YES;
				GCC_INSTRUMENT_PROGRAM_FLOW_ARCS = YES;
				GCC_PRECOMPILE_PREFIX_HEADER = YES;
				GCC_PREFIX_HEADER = "SFlowLayoutKitExample/SFlowLayoutKitExample-Prefix.pch";
				INFOPLIST_FILE = "SFlowLayoutKitExample/SFlowLayoutKitExample-Info.plist";
				IPHONEOS_DEPLOYMENT_TARGET = 8.0;
				LD_RUNPATH_SEARCH_PATHS = "$(inherited) @executable_path/Frameworks";
				MODULE_NAME = ExampleApp;
				PRODUCT_BUNDLE_IDENTIFIER = com.cyrex.demo.SFlowLayoutKitExample;
				PRODUCT_NAME = "$(TARGET_NAME)";
				PROVISIONING_PROFILE = "5619c084-da5a-41c4-9c22-68072107344b";
				PROVISIONING_PROFILE_SPECIFIER = "com.cyrex.demo.*";
				WRAPPER_EXTENSION = app;
			};
			name = Release;
		};
/* End XCBuildConfiguration section */

/* Begin XCConfigurationList section */
		362306AD20271A9C0058A7FF /* Build configuration list for PBXNativeTarget "SFlowLayoutKitExampleTests" */ = {
			isa = XCConfigurationList;
			buildConfigurations = (
				362306AE20271A9C0058A7FF /* Debug */,
				362306AF20271A9C0058A7FF /* Release */,
			);
			defaultConfigurationIsVisible = 0;
			defaultConfigurationName = Release;
		};
		6003F585195388D10070C39A /* Build configuration list for PBXProject "SFlowLayoutKitExample" */ = {
			isa = XCConfigurationList;
			buildConfigurations = (
				6003F5BD195388D20070C39A /* Debug */,
				6003F5BE195388D20070C39A /* Release */,
			);
			defaultConfigurationIsVisible = 0;
			defaultConfigurationName = Release;
		};
		6003F5BF195388D20070C39A /* Build configuration list for PBXNativeTarget "SFlowLayoutKitExample" */ = {
			isa = XCConfigurationList;
			buildConfigurations = (
				6003F5C0195388D20070C39A /* Debug */,
				6003F5C1195388D20070C39A /* Release */,
			);
			defaultConfigurationIsVisible = 0;
			defaultConfigurationName = Release;
		};
/* End XCConfigurationList section */
	};
	rootObject = 6003F582195388D10070C39A /* Project object */;
}
